
Microsoft Visual Studio Solution File, Format Version 12.00
# Visual Studio 15
VisualStudioVersion = 15.0.28010.2003
MinimumVisualStudioVersion = 10.0.40219.1
Project("{FAE04EC0-301F-11D3-BF4B-00C04F79EFBC}") = "KillNickleBack", "KillNickleBack\KillNickleBack.csproj", "{A644EF07-8AB6-442F-AFF6-019D0CF0EA5E}"
EndProject
Global
	GlobalSection(SolutionConfigurationPlatforms) = preSolution
		Debug|Any CPU = Debug|Any CPU
		Release|Any CPU = Release|Any CPU
	EndGlobalSection
	GlobalSection(ProjectConfigurationPlatforms) = postSolution
		{A644EF07-8AB6-442F-AFF6-019D0CF0EA5E}.Debug|Any CPU.ActiveCfg = Debug|Any CPU
		{A644EF07-8AB6-442F-AFF6-019D0CF0EA5E}.Debug|Any CPU.Build.0 = Debug|Any CPU
		{A644EF07-8AB6-442F-AFF6-019D0CF0EA5E}.Release|Any CPU.ActiveCfg = Release|Any CPU
		{A644EF07-8AB6-442F-AFF6-019D0CF0EA5E}.Release|Any CPU.Build.0 = Release|Any CPU
	EndGlobalSection
	GlobalSection(SolutionProperties) = preSolution
		HideSolutionNode = FALSE
	EndGlobalSection
	GlobalSection(ExtensibilityGlobals) = postSolution
		SolutionGuid = {DC0BFAA8-B365-4D41-8E14-0AEFDDA9DE7A}
	EndGlobalSection
EndGlobal
